{
  "nodes": {
    "nixpkgs": {
      "locked": {
        "lastModified": 1596273824,
        "narHash": "sha256-EjyEjFqdVqmwbu9izC83cBLkBAY3pY6tz+aRmOhoCDI=",
        "owner": "NixOS",
        "repo": "nixpkgs",
        "rev": "633958732d847925f2bc360a50f008e27d3f929d",
        "type": "github"
      },
      "original": {
        "id": "nixpkgs",
        "type": "indirect"
      }
    },
    "root": {
      "inputs": {
        "nixpkgs": "nixpkgs"
      }
    }
  },
  "root": "root",
  "version": 7
}
